dependencies:
- name: redis
  repository: https://charts.bitnami.com/bitnami
  version: 18.0.1
- name: meilisearch
  repository: https://meilisearch.github.io/meilisearch-kubernetes
  version: 0.2.4
digest: sha256:e17c1ee971f0028546a2e5f53dd32d5efa2b3ebe1708066a9720bdade429ed88
generated: "2023-09-04T00:06:49.95522127+02:00"
