dependencies:
- name: redis
  repository: https://charts.bitnami.com/bitnami
  version: 17.9.4
- name: meilisearch
  repository: https://meilisearch.github.io/meilisearch-kubernetes
  version: 0.1.49
digest: sha256:c1d4aad42a804aae41c7d9f4b9e4c99be199ace2ffa4d777b1ad3b83aa709294
generated: "2023-04-14T18:14:43.110685022+02:00"
